// !$*UTF8*$!
{
	archiveVersion = 1;
	classes = {
	};
	objectVersion = 50;
	objects = {

/* Begin PBXBuildFile section */
		EEA79ABA25A3583C002AA19D /* AppDelegate.swift in Sources */ = {isa = PBXBuildFile; fileRef = EEA79AB925A3583C002AA19D /* AppDelegate.swift */; };
		EEA79ABC25A3583C002AA19D /* SceneDelegate.swift in Sources */ = {isa = PBXBuildFile; fileRef = EEA79ABB25A3583C002AA19D /* SceneDelegate.swift */; };
		EEA79ABE25A3583C002AA19D /* ViewController.swift in Sources */ = {isa = PBXBuildFile; fileRef = EEA79ABD25A3583C002AA19D /* ViewController.swift */; };
		EEA79AC125A3583C002AA19D /* Main.storyboard in Resources */ = {isa = PBXBuildFile; fileRef = EEA79ABF25A3583C002AA19D /* Main.storyboard */; };
		EEA79AC325A3583E002AA19D /* Assets.xcassets in Resources */ = {isa = PBXBuildFile; fileRef = EEA79AC225A3583E002AA19D /* Assets.xcassets */; };
		EEA79AC625A3583E002AA19D /* LaunchScreen.storyboard in Resources */ = {isa = PBXBuildFile; fileRef = EEA79AC425A3583E002AA19D /* LaunchScreen.storyboard */; };
/* End PBXBuildFile section */

/* Begin PBXFileReference section */
		EEA79AB625A3583C002AA19D /* Space Jump (on Single View App).app */ = {isa = PBXFileReference; explicitFileType = wrapper.application; includeInIndex = 0; path = "Space Jump (on Single View App).app"; sourceTree = BUILT_PRODUCTS_DIR; };
		EEA79AB925A3583C002AA19D /* AppDelegate.swift */ = {isa = PBXFileReference; lastKnownFileType = sourcecode.swift; path = AppDelegate.swift; sourceTree = "<group>"; };
		EEA79ABB25A3583C002AA19D /* SceneDelegate.swift */ = {isa = PBXFileReference; lastKnownFileType = sourcecode.swift; path = SceneDelegate.swift; sourceTree = "<group>"; };
		EEA79ABD25A3583C002AA19D /* ViewController.swift */ = {isa = PBXFileReference; lastKnownFileType = sourcecode.swift; path = ViewController.swift; sourceTree = "<group>"; };
		EEA79AC025A3583C002AA19D /* Base */ = {isa = PBXFileReference; lastKnownFileType = file.storyboard; name = Base; path = Base.lproj/Main.storyboard; sourceTree = "<group>"; };
		EEA79AC225A3583E002AA19D /* Assets.xcassets */ = {isa = PBXFileReference; lastKnownFileType = folder.assetcatalog; path = Assets.xcassets; sourceTree = "<group>"; };
		EEA79AC525A3583E002AA19D /* Base */ = {isa = PBXFileReference; lastKnownFileType = file.storyboard; name = Base; path = Base.lproj/LaunchScreen.storyboard; sourceTree = "<group>"; };
		EEA79AC725A3583E002AA19D /* Info.plist */ = {isa = PBXFileReference; lastKnownFileType = text.plist.xml; path = Info.plist; sourceTree = "<group>"; };
/* End PBXFileReference section */

/* Begin PBXFrameworksBuildPhase section */
		EEA79AB325A3583C002AA19D /* Frameworks */ = {
			isa = PBXFrameworksBuildPhase;
			buildActionMask = 2147483647;
			files = (
			);
			runOnlyForDeploymentPostprocessing = 0;
		};
/* End PBXFrameworksBuildPhase section */

/* Begin PBXGroup section */
		EEA79AAD25A3583C002AA19D = {
			isa = PBXGroup;
			children = (
				EEA79AB825A3583C002AA19D /* Space Jump (on Single View App) */,
				EEA79AB725A3583C002AA19D /* Products */,
			);
			sourceTree = "<group>";
		};
		EEA79AB725A3583C002AA19D /* Products */ = {
			isa = PBXGroup;
			children = (
				EEA79AB625A3583C002AA19D /* Space Jump (on Single View App).app */,
			);
			name = Products;
			sourceTree = "<group>";
		};
		EEA79AB825A3583C002AA19D /* Space Jump (on Single View App) */ = {
			isa = PBXGroup;
			children = (
				EEA79AB925A3583C002AA19D /* AppDelegate.swift */,
				EEA79ABB25A3583C002AA19D /* SceneDelegate.swift */,
				EEA79ABD25A3583C002AA19D /* ViewController.swift */,
				EEA79ABF25A3583C002AA19D /* Main.storyboard */,
				EEA79AC225A3583E002AA19D /* Assets.xcassets */,
				EEA79AC425A3583E002AA19D /* LaunchScreen.storyboard */,
				EEA79AC725A3583E002AA19D /* Info.plist */,
			);
			path = "Space Jump (on Single View App)";
			sourceTree = "<group>";
		};
/* End PBXGroup section */

/* Begin PBXNativeTarget section */
		EEA79AB525A3583C002AA19D /* Space Jump (on Single View App) */ = {
			isa = PBXNativeTarget;
			buildConfigurationList = EEA79ACA25A3583E002AA19D /* Build configuration list for PBXNativeTarget "Space Jump (on Single View App)" */;
			buildPhases = (
				EEA79AB225A3583C002AA19D /* Sources */,
				EEA79AB325A3583C002AA19D /* Frameworks */,
				EEA79AB425A3583C002AA19D /* Resources */,
			);
			buildRules = (
			);
			dependencies = (
			);
			name = "Space Jump (on Single View App)";
			productName = "Space Jump (on Single View App)";
			productReference = EEA79AB625A3583C002AA19D /* Space Jump (on Single View App).app */;
			productType = "com.apple.product-type.application";
		};
/* End PBXNativeTarget section */

/* Begin PBXProject section */
		EEA79AAE25A3583C002AA19D /* Project object */ = {
			isa = PBXProject;
			attributes = {
				LastSwiftUpdateCheck = 1110;
				LastUpgradeCheck = 1110;
				ORGANIZATIONNAME = ZaCode;
				TargetAttributes = {
					EEA79AB525A3583C002AA19D = {
						CreatedOnToolsVersion = 11.1;
					};
				};
			};
			buildConfigurationList = EEA79AB125A3583C002AA19D /* Build configuration list for PBXProject "Space Jump (on Single View App)" */;
			compatibilityVersion = "Xcode 9.3";
			developmentRegion = en;
			hasScannedForEncodings = 0;
			knownRegions = (
				en,
				Base,
			);
			mainGroup = EEA79AAD25A3583C002AA19D;
			productRefGroup = EEA79AB725A3583C002AA19D /* Products */;
			projectDirPath = "";
			projectRoot = "";
			targets = (
				EEA79AB525A3583C002AA19D /* Space Jump (on Single View App) */,
			);
		};
/* End PBXProject section */

/* Begin PBXResourcesBuildPhase section */
		EEA79AB425A3583C002AA19D /* Resources */ = {
			isa = PBXResourcesBuildPhase;
			buildActionMask = 2147483647;
			files = (
				EEA79AC625A3583E002AA19D /* LaunchScreen.storyboard in Resources */,
				EEA79AC325A3583E002AA19D /* Assets.xcassets in Resources */,
				EEA79AC125A3583C002AA19D /* Main.storyboard in Resources */,
			);
			runOnlyForDeploymentPostprocessing = 0;
		};
/* End PBXResourcesBuildPhase section */

/* Begin PBXSourcesBuildPhase section */
		EEA79AB225A3583C002AA19D /* Sources */ = {
			isa = PBXSourcesBuildPhase;
			buildActionMask = 2147483647;
			files = (
				EEA79ABE25A3583C002AA19D /* ViewController.swift in Sources */,
				EEA79ABA25A3583C002AA19D /* AppDelegate.swift in Sources */,
				EEA79ABC25A3583C002AA19D /* SceneDelegate.swift in Sources */,
			);
			runOnlyForDeploymentPostprocessing = 0;
		};
/* End PBXSourcesBuildPhase section */

/* Begin PBXVariantGroup section */
		EEA79ABF25A3583C002AA19D /* Main.storyboard */ = {
			isa = PBXVariantGroup;
			children = (
				EEA79AC025A3583C002AA19D /* Base */,
			);
			name = Main.storyboard;
			sourceTree = "<group>";
		};
		EEA79AC425A3583E002AA19D /* LaunchScreen.storyboard */ = {
			isa = PBXVariantGroup;
			children = (
				EEA79AC525A3583E002AA19D /* Base */,
			);
			name = LaunchScreen.storyboard;
			sourceTree = "<group>";
		};
/* End PBXVariantGroup section */

/* Begin XCBuildConfiguration section */
		EEA79AC825A3583E002AA19D /* Debug */ = {
			isa = XCBuildConfiguration;
			buildSettings = {
				ALWAYS_SEARCH_USER_PATHS = NO;
				CLANG_ANALYZER_NONNULL = YES;
				CLANG_ANALYZER_NUMBER_OBJECT_CONVERSION = YES_AGGRESSIVE;
				CLANG_CXX_LANGUAGE_STANDARD = "gnu++14";
				CLANG_CXX_LIBRARY = "libc++";
				CLANG_ENABLE_MODULES = YES;
				CLANG_ENABLE_OBJC_ARC = YES;
				CLANG_ENABLE_OBJC_WEAK = YES;
				CLANG_WARN_BLOCK_CAPTURE_AUTORELEASING = YES;
				CLANG_WARN_BOOL_CONVERSION = YES;
				CLANG_WARN_COMMA = YES;
				CLANG_WARN_CONSTANT_CONVERSION = YES;
				CLANG_WARN_DEPRECATED_OBJC_IMPLEMENTATIONS = YES;
				CLANG_WARN_DIRECT_OBJC_ISA_USAGE = YES_ERROR;
				CLANG_WARN_DOCUMENTATION_COMMENTS = YES;
				CLANG_WARN_EMPTY_BODY = YES;
				CLANG_WARN_ENUM_CONVERSION = YES;
				CLANG_WARN_INFINITE_RECURSION = YES;
				CLANG_WARN_INT_CONVERSION = YES;
				CLANG_WARN_NON_LITERAL_NULL_CONVERSION = YES;
				CLANG_WARN_OBJC_IMPLICIT_RETAIN_SELF = YES;
				CLANG_WARN_OBJC_LITERAL_CONVERSION = YES;
				CLANG_WARN_OBJC_ROOT_CLASS = YES_ERROR;
				CLANG_WARN_RANGE_LOOP_ANALYSIS = YES;
				CLANG_WARN_STRICT_PROTOTYPES = YES;
				CLANG_WARN_SUSPICIOUS_MOVE = YES;
				CLANG_WARN_UNGUARDED_AVAILABILITY = YES_AGGRESSIVE;
				CLANG_WARN_UNREACHABLE_CODE = YES;
				CLANG_WARN__DUPLICATE_METHOD_MATCH = YES;
				COPY_PHASE_STRIP = NO;
				DEBUG_INFORMATION_FORMAT = dwarf;
				ENABLE_STRICT_OBJC_MSGSEND = YES;
				ENABLE_TESTABILITY = YES;
				GCC_C_LANGUAGE_STANDARD = gnu11;
				GCC_DYNAMIC_NO_PIC = NO;
				GCC_NO_COMMON_BLOCKS = YES;
				GCC_OPTIMIZATION_LEVEL = 0;
				GCC_PREPROCESSOR_DEFINITIONS = (
					"DEBUG=1",
					"$(inherited)",
				);
				GCC_WARN_64_TO_32_BIT_CONVERSION = YES;
				GCC_WARN_ABOUT_RETURN_TYPE = YES_ERROR;
				GCC_WARN_UNDECLARED_SELECTOR = YES;
				GCC_WARN_UNINITIALIZED_AUTOS = YES_AGGRESSIVE;
				GCC_WARN_UNUSED_FUNCTION = YES;
				GCC_WARN_UNUSED_VARIABLE = YES;
				IPHONEOS_DEPLOYMENT_TARGET = 13.1;
				MTL_ENABLE_DEBUG_INFO = INCLUDE_SOURCE;
				MTL_FAST_MATH = YES;
				ONLY_ACTIVE_ARCH = YES;
				SDKROOT = iphoneos;
				SWIFT_ACTIVE_COMPILATION_CONDITIONS = DEBUG;
				SWIFT_OPTIMIZATION_LEVEL = "-Onone";
			};
			name = Debug;
		};
		EEA79AC925A3583E002AA19D /* Release */ = {
			isa = XCBuildConfiguration;
			buildSettings = {
				ALWAYS_SEARCH_USER_PATHS = NO;
				CLANG_ANALYZER_NONNULL = YES;
				CLANG_ANALYZER_NUMBER_OBJECT_CONVERSION = YES_AGGRESSIVE;
				CLANG_CXX_LANGUAGE_STANDARD = "gnu++14";
				CLANG_CXX_LIBRARY = "libc++";
				CLANG_ENABLE_MODULES = YES;
				CLANG_ENABLE_OBJC_ARC = YES;
				CLANG_ENABLE_OBJC_WEAK = YES;
				CLANG_WARN_BLOCK_CAPTURE_AUTORELEASING = YES;
				CLANG_WARN_BOOL_CONVERSION = YES;
				CLANG_WARN_COMMA = YES;
				CLANG_WARN_CONSTANT_CONVERSION = YES;
				CLANG_WARN_DEPRECATED_OBJC_IMPLEMENTATIONS = YES;
				CLANG_WARN_DIRECT_OBJC_ISA_USAGE = YES_ERROR;
				CLANG_WARN_DOCUMENTATION_COMMENTS = YES;
				CLANG_WARN_EMPTY_BODY = YES;
				CLANG_WARN_ENUM_CONVERSION = YES;
				CLANG_WARN_INFINITE_RECURSION = YES;
				CLANG_WARN_INT_CONVERSION = YES;
				CLANG_WARN_NON_LITERAL_NULL_CONVERSION = YES;
				CLANG_WARN_OBJC_IMPLICIT_RETAIN_SELF = YES;
				CLANG_WARN_OBJC_LITERAL_CONVERSION = YES;
				CLANG_WARN_OBJC_ROOT_CLASS = YES_ERROR;
				CLANG_WARN_RANGE_LOOP_ANALYSIS = YES;
				CLANG_WARN_STRICT_PROTOTYPES = YES;
				CLANG_WARN_SUSPICIOUS_MOVE = YES;
				CLANG_WARN_UNGUARDED_AVAILABILITY = YES_AGGRESSIVE;
				CLANG_WARN_UNREACHABLE_CODE = YES;
				CLANG_WARN__DUPLICATE_METHOD_MATCH = YES;
				COPY_PHASE_STRIP = NO;
				DEBUG_INFORMATION_FORMAT = "dwarf-with-dsym";
				ENABLE_NS_ASSERTIONS = NO;
				ENABLE_STRICT_OBJC_MSGSEND = YES;
				GCC_C_LANGUAGE_STANDARD = gnu11;
				GCC_NO_COMMON_BLOCKS = YES;
				GCC_WARN_64_TO_32_BIT_CONVERSION = YES;
				GCC_WARN_ABOUT_RETURN_TYPE = YES_ERROR;
				GCC_WARN_UNDECLARED_SELECTOR = YES;
				GCC_WARN_UNINITIALIZED_AUTOS = YES_AGGRESSIVE;
				GCC_WARN_UNUSED_FUNCTION = YES;
				GCC_WARN_UNUSED_VARIABLE = YES;
				IPHONEOS_DEPLOYMENT_TARGET = 13.1;
				MTL_ENABLE_DEBUG_INFO = NO;
				MTL_FAST_MATH = YES;
				SDKROOT = iphoneos;
				SWIFT_COMPILATION_MODE = wholemodule;
				SWIFT_OPTIMIZATION_LEVEL = "-O";
				VALIDATE_PRODUCT = YES;
			};
			name = Release;
		};
		EEA79ACB25A3583E002AA19D /* Debug */ = {
			isa = XCBuildConfiguration;
			buildSettings = {
				ASSETCATALOG_COMPILER_APPICON_NAME = AppIcon;
				CODE_SIGN_STYLE = Automatic;
				DEVELOPMENT_TEAM = 2F73A24YWV;
				INFOPLIST_FILE = "Space Jump (on Single View App)/Info.plist";
				LD_RUNPATH_SEARCH_PATHS = (
					"$(inherited)",
					"@executable_path/Frameworks",
				);
				PRODUCT_BUNDLE_IDENTIFIER = "ZaCode.Space-Jump--on-Single-View-App-";
				PRODUCT_NAME = "$(TARGET_NAME)";
				SWIFT_VERSION = 5.0;
				TARGETED_DEVICE_FAMILY = "1,2";
			};
			name = Debug;
		};
		EEA79ACC25A3583E002AA19D /* Release */ = {
			isa = XCBuildConfiguration;
			buildSettings = {
				ASSETCATALOG_COMPILER_APPICON_NAME = AppIcon;
				CODE_SIGN_STYLE = Automatic;
				DEVELOPMENT_TEAM = 2F73A24YWV;
				INFOPLIST_FILE = "Space Jump (on Single View App)/Info.plist";
				LD_RUNPATH_SEARCH_PATHS = (
					"$(inherited)",
					"@executable_path/Frameworks",
				);
				PRODUCT_BUNDLE_IDENTIFIER = "ZaCode.Space-Jump--on-Single-View-App-";
				PRODUCT_NAME = "$(TARGET_NAME)";
				SWIFT_VERSION = 5.0;
				TARGETED_DEVICE_FAMILY = "1,2";
			};
			name = Release;
		};
/* End XCBuildConfiguration section */

/* Begin XCConfigurationList section */
		EEA79AB125A3583C002AA19D /* Build configuration list for PBXProject "Space Jump (on Single View App)" */ = {
			isa = XCConfigurationList;
			buildConfigurations = (
				EEA79AC825A3583E002AA19D /* Debug */,
				EEA79AC925A3583E002AA19D /* Release */,
			);
			defaultConfigurationIsVisible = 0;
			defaultConfigurationName = Release;
		};
		EEA79ACA25A3583E002AA19D /* Build configuration list for PBXNativeTarget "Space Jump (on Single View App)" */ = {
			isa = XCConfigurationList;
			buildConfigurations = (
				EEA79ACB25A3583E002AA19D /* Debug */,
				EEA79ACC25A3583E002AA19D /* Release */,
			);
			defaultConfigurationIsVisible = 0;
			defaultConfigurationName = Release;
		};
/* End XCConfigurationList section */
	};
	rootObject = EEA79AAE25A3583C002AA19D /* Project object */;
}
